
Microsoft Visual Studio Solution File, Format Version 12.00
# Visual Studio Version 16
VisualStudioVersion = 16.0.31129.286
MinimumVisualStudioVersion = 10.0.40219.1
Project("{8BC9CEB8-8B4A-11D0-8D11-00A0C91BC942}") = "Car class,manual,automatic", "Car class,manual,automatic\Car class,manual,automatic.vcxproj", "{9CD6FAA7-1FE5-4EDA-9F15-3733EF5DF8E9}"
EndProject
Global
	GlobalSection(SolutionConfigurationPlatforms) = preSolution
		Debug|x64 = Debug|x64
		Debug|x86 = Debug|x86
		Release|x64 = Release|x64
		Release|x86 = Release|x86
	EndGlobalSection
	GlobalSection(ProjectConfigurationPlatforms) = postSolution
		{9CD6FAA7-1FE5-4EDA-9F15-3733EF5DF8E9}.Debug|x64.ActiveCfg = Debug|x64
		{9CD6FAA7-1FE5-4EDA-9F15-3733EF5DF8E9}.Debug|x64.Build.0 = Debug|x64
		{9CD6FAA7-1FE5-4EDA-9F15-3733EF5DF8E9}.Debug|x86.ActiveCfg = Debug|Win32
		{9CD6FAA7-1FE5-4EDA-9F15-3733EF5DF8E9}.Debug|x86.Build.0 = Debug|Win32
		{9CD6FAA7-1FE5-4EDA-9F15-3733EF5DF8E9}.Release|x64.ActiveCfg = Release|x64
		{9CD6FAA7-1FE5-4EDA-9F15-3733EF5DF8E9}.Release|x64.Build.0 = Release|x64
		{9CD6FAA7-1FE5-4EDA-9F15-3733EF5DF8E9}.Release|x86.ActiveCfg = Release|Win32
		{9CD6FAA7-1FE5-4EDA-9F15-3733EF5DF8E9}.Release|x86.Build.0 = Release|Win32
	EndGlobalSection
	GlobalSection(SolutionProperties) = preSolution
		HideSolutionNode = FALSE
	EndGlobalSection
	GlobalSection(ExtensibilityGlobals) = postSolution
		SolutionGuid = {D584C8D4-513C-4F9E-B3AD-472B0516461F}
	EndGlobalSection
EndGlobal
